github.com/Nigel2392/jsext/v2 v2.8.3 h1:kA4kVlgJdQj8zasEpzj4UWDq+xrIPEV+u9puAq1iDLA=
github.com/Nigel2392/jsext/v2 v2.8.3/go.mod h1:KdxzZP8EEPhLqejZwrONzETO4xYVDCRdfjDvtw7dGTc=
github.com/leaanthony/slicer v1.5.0 h1:aHYTN8xbCCLxJmkNKiLB6tgcMARl4eWmH9/F+S/0HtY=
github.com/leaanthony/slicer v1.5.0/go.mod h1:FwrApmf8gOrpzEWM2J/9Lh79tyq8KTX5AzRtwV7m4AY=
github.com/matryer/is v1.4.0 h1:sosSmIWwkYITGrxZ25ULNDeKiMNzFSr4V/eqBQP0PeE=
github.com/samber/lo v1.27.1 h1:sTXwkRiIFIQG+G0HeAvOEnGjqWeWtI9cg5/n51KrxPg=
github.com/wailsapp/wails/v2 v2.5.1 h1:mfG+2kWqQXYOwdgI43HEILjOZDXbk5woPYI3jP2b+js=
github.com/wailsapp/wails/v2 v2.5.1/go.mod h1:jbOZbcr/zm79PxXxAjP8UoVlDd9wLW3uDs+isIthDfs=
golang.org/x/exp v0.0.0-20220303212507-bbda1eaf7a17 h1:3MTrJm4PyNL9NBqvYDSj3DHl46qQakyfqfWo4jgfaEM=
